
Microsoft Visual Studio Solution File, Format Version 12.00
# Visual Studio Version 16
VisualStudioVersion = 16.0.29009.5
MinimumVisualStudioVersion = 10.0.40219.1
Project("{9A19103F-16F7-4668-BE54-9A1E7A4F7556}") = "Serko.Core", "Serko.Core\Serko.Core.csproj", "{ABC2E7AD-8839-4FD0-8EA1-42C7A37125FC}"
EndProject
Project("{9A19103F-16F7-4668-BE54-9A1E7A4F7556}") = "Serko.DataImport.UnitTest", "Serko.DataImport.UnitTest\Serko.DataImport.UnitTest.csproj", "{86D1FBB5-7610-4182-BC97-F8B12E15EAB8}"
EndProject
Project("{9A19103F-16F7-4668-BE54-9A1E7A4F7556}") = "Serko.DataImport.Business", "Serko.DataImport.Business\Serko.DataImport.Business.csproj", "{521C1C3D-D874-4197-AE62-A15B5A1FD7A5}"
EndProject
Project("{9A19103F-16F7-4668-BE54-9A1E7A4F7556}") = "Serko.DataImport.Entities", "Serko.DataImport.Entities\Serko.DataImport.Entities.csproj", "{C2B176C5-E245-4ECE-AF94-82AFFAF4992E}"
EndProject
Project("{9A19103F-16F7-4668-BE54-9A1E7A4F7556}") = "Serko.DataImport.Api", "Serko.DataImport.Api\Serko.DataImport.Api.csproj", "{63C7681F-944F-429D-8125-6C424006020A}"
EndProject
Global
	GlobalSection(SolutionConfigurationPlatforms) = preSolution
		Debug|Any CPU = Debug|Any CPU
		Release|Any CPU = Release|Any CPU
	EndGlobalSection
	GlobalSection(ProjectConfigurationPlatforms) = postSolution
		{ABC2E7AD-8839-4FD0-8EA1-42C7A37125FC}.Debug|Any CPU.ActiveCfg = Debug|Any CPU
		{ABC2E7AD-8839-4FD0-8EA1-42C7A37125FC}.Debug|Any CPU.Build.0 = Debug|Any CPU
		{ABC2E7AD-8839-4FD0-8EA1-42C7A37125FC}.Release|Any CPU.ActiveCfg = Release|Any CPU
		{ABC2E7AD-8839-4FD0-8EA1-42C7A37125FC}.Release|Any CPU.Build.0 = Release|Any CPU
		{86D1FBB5-7610-4182-BC97-F8B12E15EAB8}.Debug|Any CPU.ActiveCfg = Debug|Any CPU
		{86D1FBB5-7610-4182-BC97-F8B12E15EAB8}.Debug|Any CPU.Build.0 = Debug|Any CPU
		{86D1FBB5-7610-4182-BC97-F8B12E15EAB8}.Release|Any CPU.ActiveCfg = Release|Any CPU
		{86D1FBB5-7610-4182-BC97-F8B12E15EAB8}.Release|Any CPU.Build.0 = Release|Any CPU
		{521C1C3D-D874-4197-AE62-A15B5A1FD7A5}.Debug|Any CPU.ActiveCfg = Debug|Any CPU
		{521C1C3D-D874-4197-AE62-A15B5A1FD7A5}.Debug|Any CPU.Build.0 = Debug|Any CPU
		{521C1C3D-D874-4197-AE62-A15B5A1FD7A5}.Release|Any CPU.ActiveCfg = Release|Any CPU
		{521C1C3D-D874-4197-AE62-A15B5A1FD7A5}.Release|Any CPU.Build.0 = Release|Any CPU
		{C2B176C5-E245-4ECE-AF94-82AFFAF4992E}.Debug|Any CPU.ActiveCfg = Debug|Any CPU
		{C2B176C5-E245-4ECE-AF94-82AFFAF4992E}.Debug|Any CPU.Build.0 = Debug|Any CPU
		{C2B176C5-E245-4ECE-AF94-82AFFAF4992E}.Release|Any CPU.ActiveCfg = Release|Any CPU
		{C2B176C5-E245-4ECE-AF94-82AFFAF4992E}.Release|Any CPU.Build.0 = Release|Any CPU
		{63C7681F-944F-429D-8125-6C424006020A}.Debug|Any CPU.ActiveCfg = Debug|Any CPU
		{63C7681F-944F-429D-8125-6C424006020A}.Debug|Any CPU.Build.0 = Debug|Any CPU
		{63C7681F-944F-429D-8125-6C424006020A}.Release|Any CPU.ActiveCfg = Release|Any CPU
		{63C7681F-944F-429D-8125-6C424006020A}.Release|Any CPU.Build.0 = Release|Any CPU
	EndGlobalSection
	GlobalSection(SolutionProperties) = preSolution
		HideSolutionNode = FALSE
	EndGlobalSection
	GlobalSection(ExtensibilityGlobals) = postSolution
		SolutionGuid = {1E671000-3D0A-4F15-84FE-20D14B1ED8F1}
	EndGlobalSection
EndGlobal
